
Microsoft Visual Studio Solution File, Format Version 12.00
# Visual Studio Version 17
VisualStudioVersion = 17.14.36414.22 d17.14
MinimumVisualStudioVersion = 10.0.40219.1
Project("{FAE04EC0-301F-11D3-BF4B-00C04F79EFBC}") = "ChatApp", "ChatApp\ChatApp.csproj", "{0D69205E-11C4-41DA-AF01-EF1DEC4CA113}"
EndProject
Global
	GlobalSection(SolutionConfigurationPlatforms) = preSolution
		Debug|Any CPU = Debug|Any CPU
		Release|Any CPU = Release|Any CPU
	EndGlobalSection
	GlobalSection(ProjectConfigurationPlatforms) = postSolution
		{0D69205E-11C4-41DA-AF01-EF1DEC4CA113}.Debug|Any CPU.ActiveCfg = Debug|Any CPU
		{0D69205E-11C4-41DA-AF01-EF1DEC4CA113}.Debug|Any CPU.Build.0 = Debug|Any CPU
		{0D69205E-11C4-41DA-AF01-EF1DEC4CA113}.Release|Any CPU.ActiveCfg = Release|Any CPU
		{0D69205E-11C4-41DA-AF01-EF1DEC4CA113}.Release|Any CPU.Build.0 = Release|Any CPU
	EndGlobalSection
	GlobalSection(SolutionProperties) = preSolution
		HideSolutionNode = FALSE
	EndGlobalSection
	GlobalSection(ExtensibilityGlobals) = postSolution
		SolutionGuid = {5807A5A4-8CD4-4CC5-A953-D9620A9302CF}
	EndGlobalSection
EndGlobal
